# This file is generated by running "yarn install" inside your project.
# Manual changes might be lost - proceed with caution!

__metadata:
  version: 8
  cacheKey: 10c0

"@discordjs/builders@npm:^1.10.0":
  version: 1.10.0
  resolution: "@discordjs/builders@npm:1.10.0"
  dependencies:
    "@discordjs/formatters": "npm:^0.6.0"
    "@discordjs/util": "npm:^1.1.1"
    "@sapphire/shapeshift": "npm:^4.0.0"
    discord-api-types: "npm:^0.37.114"
    fast-deep-equal: "npm:^3.1.3"
    ts-mixer: "npm:^6.0.4"
    tslib: "npm:^2.6.3"
  checksum: 10c0/a063b6efe997358137af926a86a3ce64d5aead6f523ff97a316027186bbe5b1801d4dbd31e59398e28382aae181bb4e75a9b201cb79cc010e464aee738669c66
  languageName: node
  linkType: hard

"@discordjs/collection@npm:1.5.3":
  version: 1.5.3
  resolution: "@discordjs/collection@npm:1.5.3"
  checksum: 10c0/54338e005e9a1c6a5c91464cbcc378a5bf74410ad5b8bba1961b80d0ec8f1eb1b768ea737ad03bcb62430ea84aa5561523318b739538b334115ed775630ca42c
  languageName: node
  linkType: hard

"@discordjs/collection@npm:^2.1.0, @discordjs/collection@npm:^2.1.1":
  version: 2.1.1
  resolution: "@discordjs/collection@npm:2.1.1"
  checksum: 10c0/7bbb007271a046c981957b4a0543f6ca7e4c294a2d40987437ff06db5e92dbf35b8dc61719db2a7bc99557a58275742aa34be9f50487870a6e80acfc4fe45fa1
  languageName: node
  linkType: hard

"@discordjs/formatters@npm:^0.6.0":
  version: 0.6.0
  resolution: "@discordjs/formatters@npm:0.6.0"
  dependencies:
    discord-api-types: "npm:^0.37.114"
  checksum: 10c0/850fe67a5cea9109aa8568cc9521666dd5f2b96845e3cfa78c24ca53ef2c9f8d1411f3dcc20b268fb6e9703ed5a8c60cfb1aeab0a6718a650506edb64f3a67fd
  languageName: node
  linkType: hard

"@discordjs/rest@npm:^2.4.1, @discordjs/rest@npm:^2.4.2":
  version: 2.4.2
  resolution: "@discordjs/rest@npm:2.4.2"
  dependencies:
    "@discordjs/collection": "npm:^2.1.1"
    "@discordjs/util": "npm:^1.1.1"
    "@sapphire/async-queue": "npm:^1.5.3"
    "@sapphire/snowflake": "npm:^3.5.3"
    "@vladfrangu/async_event_emitter": "npm:^2.4.6"
    discord-api-types: "npm:^0.37.114"
    magic-bytes.js: "npm:^1.10.0"
    tslib: "npm:^2.6.3"
    undici: "npm:6.19.8"
  checksum: 10c0/d380461d5e999d30110b3e28999e8d7b0609f263c61dc7ed1ad9076272edb2d05c726725ab19ac8c28b8dd602c4d385d38fd335384db968cda545e86897d2d2a
  languageName: node
  linkType: hard

"@discordjs/util@npm:^1.1.0, @discordjs/util@npm:^1.1.1":
  version: 1.1.1
  resolution: "@discordjs/util@npm:1.1.1"
  checksum: 10c0/a374648aae0dd98345996f41891add0523388297a6f6b99c7a37c83de4d832d91a464195502126967fac0f071e5ecb80f776ee42a887fffa9c5c0f4612381b98
  languageName: node
  linkType: hard

"@discordjs/ws@npm:^1.2.0":
  version: 1.2.0
  resolution: "@discordjs/ws@npm:1.2.0"
  dependencies:
    "@discordjs/collection": "npm:^2.1.0"
    "@discordjs/rest": "npm:^2.4.1"
    "@discordjs/util": "npm:^1.1.0"
    "@sapphire/async-queue": "npm:^1.5.2"
    "@types/ws": "npm:^8.5.10"
    "@vladfrangu/async_event_emitter": "npm:^2.2.4"
    discord-api-types: "npm:^0.37.114"
    tslib: "npm:^2.6.2"
    ws: "npm:^8.17.0"
  checksum: 10c0/8fd7cbe921c2122801f78b3ade2980bbaea1aaf78b0b94ec19a945e12a09a5671ce96445b72022852f5e5ac2fba22a0b0236bdb1718f1f647051f7b28a71e6e1
  languageName: node
  linkType: hard

"@sapphire/async-queue@npm:^1.5.2, @sapphire/async-queue@npm:^1.5.3":
  version: 1.5.5
  resolution: "@sapphire/async-queue@npm:1.5.5"
  checksum: 10c0/4d61cbd90513e25f60ec611cd6c85b62a85b58c227c14050bcaeb4141a472fddb1da32dea5c4769cd213b97a5b83a076af333cbbe90efb97973d9fce47ef3ef0
  languageName: node
  linkType: hard

"@sapphire/shapeshift@npm:^4.0.0":
  version: 4.0.0
  resolution: "@sapphire/shapeshift@npm:4.0.0"
  dependencies:
    fast-deep-equal: "npm:^3.1.3"
    lodash: "npm:^4.17.21"
  checksum: 10c0/2abbfd20977e800455108688e45fff7b7c6e197256c8f8a54db90025a900914908b5fa4ffcbd1eacb4c692792cbed980613aa878e09f1fd87ab5052b6a6d6bce
  languageName: node
  linkType: hard

"@sapphire/snowflake@npm:3.5.3":
  version: 3.5.3
  resolution: "@sapphire/snowflake@npm:3.5.3"
  checksum: 10c0/361b6a3e16eea4eb48b2608005ce397d4163065ccd84077059a0f609b97fb9cc52a173d7a64bbfce6f5d1e77be0f9704fd72ef64683a3dc7e455e9b4a1c90db1
  languageName: node
  linkType: hard

"@sapphire/snowflake@npm:^3.5.3":
  version: 3.5.5
  resolution: "@sapphire/snowflake@npm:3.5.5"
  checksum: 10c0/ca6be43c4d90e7c5843bb6aaed59df5cae796404b6948a0fd03caa841d1fded20b64ef84a9df93325b1c4a01165956a3a4b4cb5d7387efee1611fa09488c7068
  languageName: node
  linkType: hard

"@types/node@npm:*":
  version: 22.10.2
  resolution: "@types/node@npm:22.10.2"
  dependencies:
    undici-types: "npm:~6.20.0"
  checksum: 10c0/2c7b71a040f1ef5320938eca8ebc946e6905caa9bbf3d5665d9b3774a8d15ea9fab1582b849a6d28c7fc80756a62c5666bc66b69f42f4d5dafd1ccb193cdb4ac
  languageName: node
  linkType: hard

"@types/ws@npm:^8.5.10":
  version: 8.5.13
  resolution: "@types/ws@npm:8.5.13"
  dependencies:
    "@types/node": "npm:*"
  checksum: 10c0/a5430aa479bde588e69cb9175518d72f9338b6999e3b2ae16fc03d3bdcff8347e486dc031e4ed14601260463c07e1f9a0d7511dfc653712b047c439c680b0b34
  languageName: node
  linkType: hard

"@vladfrangu/async_event_emitter@npm:^2.2.4, @vladfrangu/async_event_emitter@npm:^2.4.6":
  version: 2.4.6
  resolution: "@vladfrangu/async_event_emitter@npm:2.4.6"
  checksum: 10c0/1fe634878902da584493ecb8e81c855436c002b215dd7c25c21780930fc5621ebe8eb79d5b899a56af0d1ea9ea9171e35175221e4438e2f56c67ce64d4b8a373
  languageName: node
  linkType: hard

"asynckit@npm:^0.4.0":
  version: 0.4.0
  resolution: "asynckit@npm:0.4.0"
  checksum: 10c0/d73e2ddf20c4eb9337e1b3df1a0f6159481050a5de457c55b14ea2e5cb6d90bb69e004c9af54737a5ee0917fcf2c9e25de67777bbe58261847846066ba75bc9d
  languageName: node
  linkType: hard

"axios@npm:^1.7.9":
  version: 1.7.9
  resolution: "axios@npm:1.7.9"
  dependencies:
    follow-redirects: "npm:^1.15.6"
    form-data: "npm:^4.0.0"
    proxy-from-env: "npm:^1.1.0"
  checksum: 10c0/b7a41e24b59fee5f0f26c1fc844b45b17442832eb3a0fb42dd4f1430eb4abc571fe168e67913e8a1d91c993232bd1d1ab03e20e4d1fee8c6147649b576fc1b0b
  languageName: node
  linkType: hard

"combined-stream@npm:^1.0.8":
  version: 1.0.8
  resolution: "combined-stream@npm:1.0.8"
  dependencies:
    delayed-stream: "npm:~1.0.0"
  checksum: 10c0/0dbb829577e1b1e839fa82b40c07ffaf7de8a09b935cadd355a73652ae70a88b4320db322f6634a4ad93424292fa80973ac6480986247f1734a1137debf271d5
  languageName: node
  linkType: hard

"delayed-stream@npm:~1.0.0":
  version: 1.0.0
  resolution: "delayed-stream@npm:1.0.0"
  checksum: 10c0/d758899da03392e6712f042bec80aa293bbe9e9ff1b2634baae6a360113e708b91326594c8a486d475c69d6259afb7efacdc3537bfcda1c6c648e390ce601b19
  languageName: node
  linkType: hard

"discord-api-types@npm:^0.37.114":
  version: 0.37.115
  resolution: "discord-api-types@npm:0.37.115"
  checksum: 10c0/71ea6a95b771b579b487e3a5f16302c4bd90daa496d4890dbde56b9744064aa1b3d709f3a50771ec57154f345b6cde18a5eb3b5b8be1f30a3f1b37b34b82b50a
  languageName: node
  linkType: hard

"discord.js@npm:^14.17.3":
  version: 14.17.3
  resolution: "discord.js@npm:14.17.3"
  dependencies:
    "@discordjs/builders": "npm:^1.10.0"
    "@discordjs/collection": "npm:1.5.3"
    "@discordjs/formatters": "npm:^0.6.0"
    "@discordjs/rest": "npm:^2.4.2"
    "@discordjs/util": "npm:^1.1.1"
    "@discordjs/ws": "npm:^1.2.0"
    "@sapphire/snowflake": "npm:3.5.3"
    discord-api-types: "npm:^0.37.114"
    fast-deep-equal: "npm:3.1.3"
    lodash.snakecase: "npm:4.1.1"
    tslib: "npm:^2.6.3"
    undici: "npm:6.19.8"
  checksum: 10c0/578bcdd7c9ed09f94dda733f317dc032511af9f635db203560d2bddb4419dab2f1bb1cbf78e65f98e1dbdba0cfca4488d7728ba08a2640f65ba038fa02482ae6
  languageName: node
  linkType: hard

"fast-deep-equal@npm:3.1.3, fast-deep-equal@npm:^3.1.3":
  version: 3.1.3
  resolution: "fast-deep-equal@npm:3.1.3"
  checksum: 10c0/40dedc862eb8992c54579c66d914635afbec43350afbbe991235fdcb4e3a8d5af1b23ae7e79bef7d4882d0ecee06c3197488026998fb19f72dc95acff1d1b1d0
  languageName: node
  linkType: hard

"follow-redirects@npm:^1.15.6":
  version: 1.15.9
  resolution: "follow-redirects@npm:1.15.9"
  peerDependenciesMeta:
    debug:
      optional: true
  checksum: 10c0/5829165bd112c3c0e82be6c15b1a58fa9dcfaede3b3c54697a82fe4a62dd5ae5e8222956b448d2f98e331525f05d00404aba7d696de9e761ef6e42fdc780244f
  languageName: node
  linkType: hard

"form-data@npm:^4.0.0":
  version: 4.0.1
  resolution: "form-data@npm:4.0.1"
  dependencies:
    asynckit: "npm:^0.4.0"
    combined-stream: "npm:^1.0.8"
    mime-types: "npm:^2.1.12"
  checksum: 10c0/bb102d570be8592c23f4ea72d7df9daa50c7792eb0cf1c5d7e506c1706e7426a4e4ae48a35b109e91c85f1c0ec63774a21ae252b66f4eb981cb8efef7d0463c8
  languageName: node
  linkType: hard

"keysbot@workspace:.":
  version: 0.0.0-use.local
  resolution: "keysbot@workspace:."
  dependencies:
    axios: "npm:^1.7.9"
    discord.js: "npm:^14.17.3"
    lowdb: "npm:^7.0.1"
  languageName: unknown
  linkType: soft

"lodash.snakecase@npm:4.1.1":
  version: 4.1.1
  resolution: "lodash.snakecase@npm:4.1.1"
  checksum: 10c0/f0b3f2497eb20eea1a1cfc22d645ecaeb78ac14593eb0a40057977606d2f35f7aaff0913a06553c783b535aafc55b718f523f9eb78f8d5293f492af41002eaf9
  languageName: node
  linkType: hard

"lodash@npm:^4.17.21":
  version: 4.17.21
  resolution: "lodash@npm:4.17.21"
  checksum: 10c0/d8cbea072bb08655bb4c989da418994b073a608dffa608b09ac04b43a791b12aeae7cd7ad919aa4c925f33b48490b5cfe6c1f71d827956071dae2e7bb3a6b74c
  languageName: node
  linkType: hard

"lowdb@npm:^7.0.1":
  version: 7.0.1
  resolution: "lowdb@npm:7.0.1"
  dependencies:
    steno: "npm:^4.0.2"
  checksum: 10c0/d61f554d6a507419772b07c91982bb72a0d3976dddef83e1d58fb24ff9049398962ec2c1917b3a863aedb46559081e0cd208d032ff3c43b1d59f41be9f4f4022
  languageName: node
  linkType: hard

"magic-bytes.js@npm:^1.10.0":
  version: 1.10.0
  resolution: "magic-bytes.js@npm:1.10.0"
  checksum: 10c0/aa751a9be6baa80da19b395a4c538e1dcf652a3760a2e507b9e04c4cb3832635b718f8a947e5b0a434a1b323792632002f98815b3389f0beb3af1c4d51eb339e
  languageName: node
  linkType: hard

"mime-db@npm:1.52.0":
  version: 1.52.0
  resolution: "mime-db@npm:1.52.0"
  checksum: 10c0/0557a01deebf45ac5f5777fe7740b2a5c309c6d62d40ceab4e23da9f821899ce7a900b7ac8157d4548ddbb7beffe9abc621250e6d182b0397ec7f10c7b91a5aa
  languageName: node
  linkType: hard

"mime-types@npm:^2.1.12":
  version: 2.1.35
  resolution: "mime-types@npm:2.1.35"
  dependencies:
    mime-db: "npm:1.52.0"
  checksum: 10c0/82fb07ec56d8ff1fc999a84f2f217aa46cb6ed1033fefaabd5785b9a974ed225c90dc72fff460259e66b95b73648596dbcc50d51ed69cdf464af2d237d3149b2
  languageName: node
  linkType: hard

"proxy-from-env@npm:^1.1.0":
  version: 1.1.0
  resolution: "proxy-from-env@npm:1.1.0"
  checksum: 10c0/fe7dd8b1bdbbbea18d1459107729c3e4a2243ca870d26d34c2c1bcd3e4425b7bcc5112362df2d93cc7fb9746f6142b5e272fd1cc5c86ddf8580175186f6ad42b
  languageName: node
  linkType: hard

"steno@npm:^4.0.2":
  version: 4.0.2
  resolution: "steno@npm:4.0.2"
  checksum: 10c0/fda6bb192bb73ce9453586080aae3fc75506e1c10c9285df49849a016bb9378c6146610f27976708437a6c5492619ec09efb9def6d5397624ae0ad70e57ccaf1
  languageName: node
  linkType: hard

"ts-mixer@npm:^6.0.4":
  version: 6.0.4
  resolution: "ts-mixer@npm:6.0.4"
  checksum: 10c0/4c442fc99cdffd4a3f0ce55c624fb703f4ded5cab6912f97705489565c4a74d3e4213f10c33499ec5150900a628d38537a9a6a9e35b5045b65129a84b4db21ae
  languageName: node
  linkType: hard

"tslib@npm:^2.6.2, tslib@npm:^2.6.3":
  version: 2.8.1
  resolution: "tslib@npm:2.8.1"
  checksum: 10c0/9c4759110a19c53f992d9aae23aac5ced636e99887b51b9e61def52611732872ff7668757d4e4c61f19691e36f4da981cd9485e869b4a7408d689f6bf1f14e62
  languageName: node
  linkType: hard

"undici-types@npm:~6.20.0":
  version: 6.20.0
  resolution: "undici-types@npm:6.20.0"
  checksum: 10c0/68e659a98898d6a836a9a59e6adf14a5d799707f5ea629433e025ac90d239f75e408e2e5ff086afc3cace26f8b26ee52155293564593fbb4a2f666af57fc59bf
  languageName: node
  linkType: hard

"undici@npm:6.19.8":
  version: 6.19.8
  resolution: "undici@npm:6.19.8"
  checksum: 10c0/07fd8520bce7e34ea29c07ef0de27b734183042cdb4e2f1262cd1fb9b755a6b04ff2471040395dfb1770fb7786069a97c5178bcf706b80a34075994f46feb37c
  languageName: node
  linkType: hard

"ws@npm:^8.17.0":
  version: 8.18.0
  resolution: "ws@npm:8.18.0"
  peerDependencies:
    bufferutil: ^4.0.1
    utf-8-validate: ">=5.0.2"
  peerDependenciesMeta:
    bufferutil:
      optional: true
    utf-8-validate:
      optional: true
  checksum: 10c0/25eb33aff17edcb90721ed6b0eb250976328533ad3cd1a28a274bd263682e7296a6591ff1436d6cbc50fa67463158b062f9d1122013b361cec99a05f84680e06
  languageName: node
  linkType: hard
